// !$*UTF8*$!
{
	archiveVersion = 1;
	classes = {
	};
	objectVersion = 56;
	objects = {

/* Begin PBXBuildFile section */
		3A235E9A2C76344700B9935D /* OnboardingActionButton.swift in Sources */ = {isa = PBXBuildFile; fileRef = 3A235E992C76344700B9935D /* OnboardingActionButton.swift */; };
		3A235E9D2C76347800B9935D /* CustomTextField.swift in Sources */ = {isa = PBXBuildFile; fileRef = 3A235E9C2C76347800B9935D /* CustomTextField.swift */; };
		3A433AB72C75192800F183F2 /* DimpleApp.swift in Sources */ = {isa = PBXBuildFile; fileRef = 3A433AB62C75192800F183F2 /* DimpleApp.swift */; };
		3A433AB92C75192800F183F2 /* ContentView.swift in Sources */ = {isa = PBXBuildFile; fileRef = 3A433AB82C75192800F183F2 /* ContentView.swift */; };
		3A433ABB2C75192800F183F2 /* Item.swift in Sources */ = {isa = PBXBuildFile; fileRef = 3A433ABA2C75192800F183F2 /* Item.swift */; };
		3A433ABD2C75192800F183F2 /* Assets.xcassets in Resources */ = {isa = PBXBuildFile; fileRef = 3A433ABC2C75192800F183F2 /* Assets.xcassets */; };
		3A433AC02C75192800F183F2 /* Preview Assets.xcassets in Resources */ = {isa = PBXBuildFile; fileRef = 3A433ABF2C75192800F183F2 /* Preview Assets.xcassets */; };
		3A433ACA2C75194600F183F2 /* LoginView.swift in Sources */ = {isa = PBXBuildFile; fileRef = 3A433AC92C75194600F183F2 /* LoginView.swift */; };
		3A433ACD2C7520A000F183F2 /* OnboardingProfileView.swift in Sources */ = {isa = PBXBuildFile; fileRef = 3A433ACC2C7520A000F183F2 /* OnboardingProfileView.swift */; };
		3A4CAD142D1042DA00124AFE /* SchoolSearchView.swift in Sources */ = {isa = PBXBuildFile; fileRef = 3A4CAD132D1042DA00124AFE /* SchoolSearchView.swift */; };
		3A4CAD172D10430600124AFE /* GooglePlaces in Frameworks */ = {isa = PBXBuildFile; productRef = 3A4CAD162D10430600124AFE /* GooglePlaces */; };
		3A4CAD192D10430600124AFE /* GooglePlacesSwift in Frameworks */ = {isa = PBXBuildFile; productRef = 3A4CAD182D10430600124AFE /* GooglePlacesSwift */; };
		3A4CAD1C2D104A1400124AFE /* GoogleService-Info.plist in Resources */ = {isa = PBXBuildFile; fileRef = 3A4CAD1B2D104A1400124AFE /* GoogleService-Info.plist */; };
		3ACC64712C75341A00545F98 /* View+Extensions.swift in Sources */ = {isa = PBXBuildFile; fileRef = 3ACC64702C75341A00545F98 /* View+Extensions.swift */; };
		3AE12EE62D04FCEF0039C64A /* OnboardingSchoolView.swift in Sources */ = {isa = PBXBuildFile; fileRef = 3AE12EE52D04FCEF0039C64A /* OnboardingSchoolView.swift */; };
		3AE3CACF2D2856E600A06D93 /* TabStateScrollView.swift in Sources */ = {isa = PBXBuildFile; fileRef = 3AE3CACE2D2856E600A06D93 /* TabStateScrollView.swift */; };
		3AF8AC012CDAD82600C15078 /* CustomSelectionButton.swift in Sources */ = {isa = PBXBuildFile; fileRef = 3AF8AC002CDAD82600C15078 /* CustomSelectionButton.swift */; };
		3AF8AC032CDADEAF00C15078 /* CustomSlider.swift in Sources */ = {isa = PBXBuildFile; fileRef = 3AF8AC022CDADEAF00C15078 /* CustomSlider.swift */; };
		3AF8AC052CDD492500C15078 /* OnboardingGenderView.swift in Sources */ = {isa = PBXBuildFile; fileRef = 3AF8AC042CDD492500C15078 /* OnboardingGenderView.swift */; };
		3AF8AC072CDD4A6500C15078 /* OnboardingAgeView.swift in Sources */ = {isa = PBXBuildFile; fileRef = 3AF8AC062CDD4A6500C15078 /* OnboardingAgeView.swift */; };
		3AF8AC092CDD4C7700C15078 /* OnboardingPrefGenderView.swift in Sources */ = {isa = PBXBuildFile; fileRef = 3AF8AC082CDD4C7700C15078 /* OnboardingPrefGenderView.swift */; };
		3AF8AC0B2CDD4CE000C15078 /* OnboardingHeightView.swift in Sources */ = {isa = PBXBuildFile; fileRef = 3AF8AC0A2CDD4CE000C15078 /* OnboardingHeightView.swift */; };
		3AF8AC0D2CDD4E2D00C15078 /* OnboardingGalleryView.swift in Sources */ = {isa = PBXBuildFile; fileRef = 3AF8AC0C2CDD4E2D00C15078 /* OnboardingGalleryView.swift */; };
		3AF8AC0F2CDD507B00C15078 /* OnboardingView.swift in Sources */ = {isa = PBXBuildFile; fileRef = 3AF8AC0E2CDD507B00C15078 /* OnboardingView.swift */; };
		3AF8AC112CDE1C4400C15078 /* NetworkManager.swift in Sources */ = {isa = PBXBuildFile; fileRef = 3AF8AC102CDE1C4400C15078 /* NetworkManager.swift */; };
		3AF8AC132CDE303F00C15078 /* MainTabbarView.swift in Sources */ = {isa = PBXBuildFile; fileRef = 3AF8AC122CDE303F00C15078 /* MainTabbarView.swift */; };
		3AF8AC152CE23CA100C15078 /* OnboardingLocationView.swift in Sources */ = {isa = PBXBuildFile; fileRef = 3AF8AC142CE23CA100C15078 /* OnboardingLocationView.swift */; };
		3AF8AC172CE23EAB00C15078 /* OnboardingRateView.swift in Sources */ = {isa = PBXBuildFile; fileRef = 3AF8AC162CE23EAB00C15078 /* OnboardingRateView.swift */; };
		3AF8AC192CE23FA400C15078 /* OnboardingFinalView.swift in Sources */ = {isa = PBXBuildFile; fileRef = 3AF8AC182CE23FA400C15078 /* OnboardingFinalView.swift */; };
		3AF8AC1C2CE29BC800C15078 /* String+Extensions.swift in Sources */ = {isa = PBXBuildFile; fileRef = 3AF8AC1B2CE29BC800C15078 /* String+Extensions.swift */; };
		3AF8AC1E2CE29D3100C15078 /* Numbers+Extensions.swift in Sources */ = {isa = PBXBuildFile; fileRef = 3AF8AC1D2CE29D3100C15078 /* Numbers+Extensions.swift */; };
		3AF8AC202CE2A7AA00C15078 /* OnboardingTemplate.swift in Sources */ = {isa = PBXBuildFile; fileRef = 3AF8AC1F2CE2A7AA00C15078 /* OnboardingTemplate.swift */; };
		3AF8AC232CE2A7DA00C15078 /* User.swift in Sources */ = {isa = PBXBuildFile; fileRef = 3AF8AC222CE2A7DA00C15078 /* User.swift */; };
		3AF8AC252CE525A100C15078 /* Infos in Resources */ = {isa = PBXBuildFile; fileRef = 3AF8AC242CE525A100C15078 /* Infos */; };
		3AF8AC282CE78D0600C15078 /* MatchingView.swift in Sources */ = {isa = PBXBuildFile; fileRef = 3AF8AC272CE78D0500C15078 /* MatchingView.swift */; };
		3AF8AC2B2CE78D8900C15078 /* ProfileView.swift in Sources */ = {isa = PBXBuildFile; fileRef = 3AF8AC2A2CE78D8900C15078 /* ProfileView.swift */; };
/* End PBXBuildFile section */

/* Begin PBXFileReference section */
		3A235E992C76344700B9935D /* OnboardingActionButton.swift */ = {isa = PBXFileReference; lastKnownFileType = sourcecode.swift; path = OnboardingActionButton.swift; sourceTree = "<group>"; };
		3A235E9C2C76347800B9935D /* CustomTextField.swift */ = {isa = PBXFileReference; lastKnownFileType = sourcecode.swift; path = CustomTextField.swift; sourceTree = "<group>"; };
		3A433AB32C75192800F183F2 /* Dimple.app */ = {isa = PBXFileReference; explicitFileType = wrapper.application; includeInIndex = 0; path = Dimple.app; sourceTree = BUILT_PRODUCTS_DIR; };
		3A433AB62C75192800F183F2 /* DimpleApp.swift */ = {isa = PBXFileReference; lastKnownFileType = sourcecode.swift; path = DimpleApp.swift; sourceTree = "<group>"; };
		3A433AB82C75192800F183F2 /* ContentView.swift */ = {isa = PBXFileReference; lastKnownFileType = sourcecode.swift; path = ContentView.swift; sourceTree = "<group>"; };
		3A433ABA2C75192800F183F2 /* Item.swift */ = {isa = PBXFileReference; lastKnownFileType = sourcecode.swift; path = Item.swift; sourceTree = "<group>"; };
		3A433ABC2C75192800F183F2 /* Assets.xcassets */ = {isa = PBXFileReference; lastKnownFileType = folder.assetcatalog; path = Assets.xcassets; sourceTree = "<group>"; };
		3A433ABF2C75192800F183F2 /* Preview Assets.xcassets */ = {isa = PBXFileReference; lastKnownFileType = folder.assetcatalog; path = "Preview Assets.xcassets"; sourceTree = "<group>"; };
		3A433AC12C75192800F183F2 /* Dimple.entitlements */ = {isa = PBXFileReference; lastKnownFileType = text.plist.entitlements; path = Dimple.entitlements; sourceTree = "<group>"; };
		3A433AC22C75192800F183F2 /* Info.plist */ = {isa = PBXFileReference; lastKnownFileType = text.plist.xml; path = Info.plist; sourceTree = "<group>"; };
		3A433AC92C75194600F183F2 /* LoginView.swift */ = {isa = PBXFileReference; lastKnownFileType = sourcecode.swift; path = LoginView.swift; sourceTree = "<group>"; };
		3A433ACC2C7520A000F183F2 /* OnboardingProfileView.swift */ = {isa = PBXFileReference; lastKnownFileType = sourcecode.swift; path = OnboardingProfileView.swift; sourceTree = "<group>"; };
		3A4CAD132D1042DA00124AFE /* SchoolSearchView.swift */ = {isa = PBXFileReference; lastKnownFileType = sourcecode.swift; path = SchoolSearchView.swift; sourceTree = "<group>"; };
		3A4CAD1B2D104A1400124AFE /* GoogleService-Info.plist */ = {isa = PBXFileReference; fileEncoding = 4; lastKnownFileType = text.plist.xml; path = "GoogleService-Info.plist"; sourceTree = "<group>"; };
		3ACC64702C75341A00545F98 /* View+Extensions.swift */ = {isa = PBXFileReference; lastKnownFileType = sourcecode.swift; path = "View+Extensions.swift"; sourceTree = "<group>"; };
		3AE12EE52D04FCEF0039C64A /* OnboardingSchoolView.swift */ = {isa = PBXFileReference; lastKnownFileType = sourcecode.swift; path = OnboardingSchoolView.swift; sourceTree = "<group>"; };
		3AE3CACE2D2856E600A06D93 /* TabStateScrollView.swift */ = {isa = PBXFileReference; lastKnownFileType = sourcecode.swift; path = TabStateScrollView.swift; sourceTree = "<group>"; };
		3AF8AC002CDAD82600C15078 /* CustomSelectionButton.swift */ = {isa = PBXFileReference; lastKnownFileType = sourcecode.swift; path = CustomSelectionButton.swift; sourceTree = "<group>"; };
		3AF8AC022CDADEAF00C15078 /* CustomSlider.swift */ = {isa = PBXFileReference; lastKnownFileType = sourcecode.swift; path = CustomSlider.swift; sourceTree = "<group>"; };
		3AF8AC042CDD492500C15078 /* OnboardingGenderView.swift */ = {isa = PBXFileReference; lastKnownFileType = sourcecode.swift; path = OnboardingGenderView.swift; sourceTree = "<group>"; };
		3AF8AC062CDD4A6500C15078 /* OnboardingAgeView.swift */ = {isa = PBXFileReference; lastKnownFileType = sourcecode.swift; path = OnboardingAgeView.swift; sourceTree = "<group>"; };
		3AF8AC082CDD4C7700C15078 /* OnboardingPrefGenderView.swift */ = {isa = PBXFileReference; lastKnownFileType = sourcecode.swift; path = OnboardingPrefGenderView.swift; sourceTree = "<group>"; };
		3AF8AC0A2CDD4CE000C15078 /* OnboardingHeightView.swift */ = {isa = PBXFileReference; lastKnownFileType = sourcecode.swift; path = OnboardingHeightView.swift; sourceTree = "<group>"; };
		3AF8AC0C2CDD4E2D00C15078 /* OnboardingGalleryView.swift */ = {isa = PBXFileReference; lastKnownFileType = sourcecode.swift; path = OnboardingGalleryView.swift; sourceTree = "<group>"; };
		3AF8AC0E2CDD507B00C15078 /* OnboardingView.swift */ = {isa = PBXFileReference; lastKnownFileType = sourcecode.swift; path = OnboardingView.swift; sourceTree = "<group>"; };
		3AF8AC102CDE1C4400C15078 /* NetworkManager.swift */ = {isa = PBXFileReference; lastKnownFileType = sourcecode.swift; path = NetworkManager.swift; sourceTree = "<group>"; };
		3AF8AC122CDE303F00C15078 /* MainTabbarView.swift */ = {isa = PBXFileReference; lastKnownFileType = sourcecode.swift; path = MainTabbarView.swift; sourceTree = "<group>"; };
		3AF8AC142CE23CA100C15078 /* OnboardingLocationView.swift */ = {isa = PBXFileReference; lastKnownFileType = sourcecode.swift; path = OnboardingLocationView.swift; sourceTree = "<group>"; };
		3AF8AC162CE23EAB00C15078 /* OnboardingRateView.swift */ = {isa = PBXFileReference; lastKnownFileType = sourcecode.swift; path = OnboardingRateView.swift; sourceTree = "<group>"; };
		3AF8AC182CE23FA400C15078 /* OnboardingFinalView.swift */ = {isa = PBXFileReference; lastKnownFileType = sourcecode.swift; path = OnboardingFinalView.swift; sourceTree = "<group>"; };
		3AF8AC1B2CE29BC800C15078 /* String+Extensions.swift */ = {isa = PBXFileReference; lastKnownFileType = sourcecode.swift; path = "String+Extensions.swift"; sourceTree = "<group>"; };
		3AF8AC1D2CE29D3100C15078 /* Numbers+Extensions.swift */ = {isa = PBXFileReference; lastKnownFileType = sourcecode.swift; path = "Numbers+Extensions.swift"; sourceTree = "<group>"; };
		3AF8AC1F2CE2A7AA00C15078 /* OnboardingTemplate.swift */ = {isa = PBXFileReference; lastKnownFileType = sourcecode.swift; path = OnboardingTemplate.swift; sourceTree = "<group>"; };
		3AF8AC222CE2A7DA00C15078 /* User.swift */ = {isa = PBXFileReference; lastKnownFileType = sourcecode.swift; path = User.swift; sourceTree = "<group>"; };
		3AF8AC242CE525A100C15078 /* Infos */ = {isa = PBXFileReference; lastKnownFileType = text; path = Infos; sourceTree = "<group>"; };
		3AF8AC272CE78D0500C15078 /* MatchingView.swift */ = {isa = PBXFileReference; lastKnownFileType = sourcecode.swift; path = MatchingView.swift; sourceTree = "<group>"; };
		3AF8AC2A2CE78D8900C15078 /* ProfileView.swift */ = {isa = PBXFileReference; lastKnownFileType = sourcecode.swift; path = ProfileView.swift; sourceTree = "<group>"; };
/* End PBXFileReference section */

/* Begin PBXFrameworksBuildPhase section */
		3A433AB02C75192800F183F2 /* Frameworks */ = {
			isa = PBXFrameworksBuildPhase;
			buildActionMask = 2147483647;
			files = (
				3A4CAD172D10430600124AFE /* GooglePlaces in Frameworks */,
				3A4CAD192D10430600124AFE /* GooglePlacesSwift in Frameworks */,
			);
			runOnlyForDeploymentPostprocessing = 0;
		};
/* End PBXFrameworksBuildPhase section */

/* Begin PBXGroup section */
		3A433AAA2C75192700F183F2 = {
			isa = PBXGroup;
			children = (
				3AF8AC242CE525A100C15078 /* Infos */,
				3A433AB52C75192800F183F2 /* Dimple */,
				3A433AB42C75192800F183F2 /* Products */,
			);
			sourceTree = "<group>";
		};
		3A433AB42C75192800F183F2 /* Products */ = {
			isa = PBXGroup;
			children = (
				3A433AB32C75192800F183F2 /* Dimple.app */,
			);
			name = Products;
			sourceTree = "<group>";
		};
		3A433AB52C75192800F183F2 /* Dimple */ = {
			isa = PBXGroup;
			children = (
				3AE3CACD2D2731D000A06D93 /* Manager */,
				3A4CAD1A2D104A0B00124AFE /* Configs */,
				3AF8AC1A2CE29BAB00C15078 /* Extensions */,
				3ACC646E2C752B0100545F98 /* Helpers */,
				3AF8AC212CE2A7C600C15078 /* Models */,
				3A433AC82C75193000F183F2 /* View */,
				3A433AB62C75192800F183F2 /* DimpleApp.swift */,
				3A433AB82C75192800F183F2 /* ContentView.swift */,
				3A433ABA2C75192800F183F2 /* Item.swift */,
				3A433ABC2C75192800F183F2 /* Assets.xcassets */,
				3A433AC12C75192800F183F2 /* Dimple.entitlements */,
				3A433AC22C75192800F183F2 /* Info.plist */,
				3A433ABE2C75192800F183F2 /* Preview Content */,
			);
			path = Dimple;
			sourceTree = "<group>";
		};
		3A433ABE2C75192800F183F2 /* Preview Content */ = {
			isa = PBXGroup;
			children = (
				3A433ABF2C75192800F183F2 /* Preview Assets.xcassets */,
			);
			path = "Preview Content";
			sourceTree = "<group>";
		};
		3A433AC82C75193000F183F2 /* View */ = {
			isa = PBXGroup;
			children = (
				3A4CAD122D1042BA00124AFE /* Reusable */,
				3ACC646D2C752AFD00545F98 /* Onboarding */,
				3AF8AC292CE78D6C00C15078 /* Profile */,
				3AF8AC262CE78CF600C15078 /* Matching */,
				3A433AC92C75194600F183F2 /* LoginView.swift */,
				3AF8AC122CDE303F00C15078 /* MainTabbarView.swift */,
			);
			path = View;
			sourceTree = "<group>";
		};
		3A4CAD122D1042BA00124AFE /* Reusable */ = {
			isa = PBXGroup;
			children = (
				3A4CAD132D1042DA00124AFE /* SchoolSearchView.swift */,
			);
			path = Reusable;
			sourceTree = "<group>";
		};
		3A4CAD1A2D104A0B00124AFE /* Configs */ = {
			isa = PBXGroup;
			children = (
				3A4CAD1B2D104A1400124AFE /* GoogleService-Info.plist */,
			);
			path = Configs;
			sourceTree = "<group>";
		};
		3ACC646D2C752AFD00545F98 /* Onboarding */ = {
			isa = PBXGroup;
			children = (
				3AF8AC1F2CE2A7AA00C15078 /* OnboardingTemplate.swift */,
				3AF8AC0E2CDD507B00C15078 /* OnboardingView.swift */,
				3A433ACC2C7520A000F183F2 /* OnboardingProfileView.swift */,
				3AF8AC042CDD492500C15078 /* OnboardingGenderView.swift */,
				3AF8AC062CDD4A6500C15078 /* OnboardingAgeView.swift */,
				3AF8AC082CDD4C7700C15078 /* OnboardingPrefGenderView.swift */,
				3AF8AC0A2CDD4CE000C15078 /* OnboardingHeightView.swift */,
				3AE12EE52D04FCEF0039C64A /* OnboardingSchoolView.swift */,
				3AF8AC0C2CDD4E2D00C15078 /* OnboardingGalleryView.swift */,
				3AF8AC142CE23CA100C15078 /* OnboardingLocationView.swift */,
				3AF8AC162CE23EAB00C15078 /* OnboardingRateView.swift */,
				3AF8AC182CE23FA400C15078 /* OnboardingFinalView.swift */,
			);
			path = Onboarding;
			sourceTree = "<group>";
		};
		3ACC646E2C752B0100545F98 /* Helpers */ = {
			isa = PBXGroup;
			children = (
				3A235E992C76344700B9935D /* OnboardingActionButton.swift */,
				3A235E9C2C76347800B9935D /* CustomTextField.swift */,
				3AF8AC002CDAD82600C15078 /* CustomSelectionButton.swift */,
				3AF8AC022CDADEAF00C15078 /* CustomSlider.swift */,
				3AE3CACE2D2856E600A06D93 /* TabStateScrollView.swift */,
			);
			path = Helpers;
			sourceTree = "<group>";
		};
		3AE3CACD2D2731D000A06D93 /* Manager */ = {
			isa = PBXGroup;
			children = (
				3AF8AC102CDE1C4400C15078 /* NetworkManager.swift */,
			);
			path = Manager;
			sourceTree = "<group>";
		};
		3AF8AC1A2CE29BAB00C15078 /* Extensions */ = {
			isa = PBXGroup;
			children = (
				3ACC64702C75341A00545F98 /* View+Extensions.swift */,
				3AF8AC1B2CE29BC800C15078 /* String+Extensions.swift */,
				3AF8AC1D2CE29D3100C15078 /* Numbers+Extensions.swift */,
			);
			path = Extensions;
			sourceTree = "<group>";
		};
		3AF8AC212CE2A7C600C15078 /* Models */ = {
			isa = PBXGroup;
			children = (
				3AF8AC222CE2A7DA00C15078 /* User.swift */,
			);
			path = Models;
			sourceTree = "<group>";
		};
		3AF8AC262CE78CF600C15078 /* Matching */ = {
			isa = PBXGroup;
			children = (
				3AF8AC272CE78D0500C15078 /* MatchingView.swift */,
			);
			path = Matching;
			sourceTree = "<group>";
		};
		3AF8AC292CE78D6C00C15078 /* Profile */ = {
			isa = PBXGroup;
			children = (
				3AF8AC2A2CE78D8900C15078 /* ProfileView.swift */,
			);
			path = Profile;
			sourceTree = "<group>";
		};
/* End PBXGroup section */

/* Begin PBXNativeTarget section */
		3A433AB22C75192800F183F2 /* Dimple */ = {
			isa = PBXNativeTarget;
			buildConfigurationList = 3A433AC52C75192800F183F2 /* Build configuration list for PBXNativeTarget "Dimple" */;
			buildPhases = (
				3A433AAF2C75192800F183F2 /* Sources */,
				3A433AB02C75192800F183F2 /* Frameworks */,
				3A433AB12C75192800F183F2 /* Resources */,
			);
			buildRules = (
			);
			dependencies = (
			);
			name = Dimple;
			packageProductDependencies = (
				3A4CAD162D10430600124AFE /* GooglePlaces */,
				3A4CAD182D10430600124AFE /* GooglePlacesSwift */,
			);
			productName = Dimple;
			productReference = 3A433AB32C75192800F183F2 /* Dimple.app */;
			productType = "com.apple.product-type.application";
		};
/* End PBXNativeTarget section */

/* Begin PBXProject section */
		3A433AAB2C75192700F183F2 /* Project object */ = {
			isa = PBXProject;
			attributes = {
				BuildIndependentTargetsInParallel = 1;
				LastSwiftUpdateCheck = 1500;
				LastUpgradeCheck = 1500;
				TargetAttributes = {
					3A433AB22C75192800F183F2 = {
						CreatedOnToolsVersion = 15.0;
					};
				};
			};
			buildConfigurationList = 3A433AAE2C75192700F183F2 /* Build configuration list for PBXProject "Dimple" */;
			compatibilityVersion = "Xcode 14.0";
			developmentRegion = en;
			hasScannedForEncodings = 0;
			knownRegions = (
				en,
				Base,
			);
			mainGroup = 3A433AAA2C75192700F183F2;
			packageReferences = (
				3A4CAD152D10430600124AFE /* XCRemoteSwiftPackageReference "ios-places-sdk" */,
			);
			productRefGroup = 3A433AB42C75192800F183F2 /* Products */;
			projectDirPath = "";
			projectRoot = "";
			targets = (
				3A433AB22C75192800F183F2 /* Dimple */,
			);
		};
/* End PBXProject section */

/* Begin PBXResourcesBuildPhase section */
		3A433AB12C75192800F183F2 /* Resources */ = {
			isa = PBXResourcesBuildPhase;
			buildActionMask = 2147483647;
			files = (
				3AF8AC252CE525A100C15078 /* Infos in Resources */,
				3A4CAD1C2D104A1400124AFE /* GoogleService-Info.plist in Resources */,
				3A433AC02C75192800F183F2 /* Preview Assets.xcassets in Resources */,
				3A433ABD2C75192800F183F2 /* Assets.xcassets in Resources */,
			);
			runOnlyForDeploymentPostprocessing = 0;
		};
/* End PBXResourcesBuildPhase section */

/* Begin PBXSourcesBuildPhase section */
		3A433AAF2C75192800F183F2 /* Sources */ = {
			isa = PBXSourcesBuildPhase;
			buildActionMask = 2147483647;
			files = (
				3A433AB92C75192800F183F2 /* ContentView.swift in Sources */,
				3AE12EE62D04FCEF0039C64A /* OnboardingSchoolView.swift in Sources */,
				3AF8AC2B2CE78D8900C15078 /* ProfileView.swift in Sources */,
				3AF8AC172CE23EAB00C15078 /* OnboardingRateView.swift in Sources */,
				3AF8AC192CE23FA400C15078 /* OnboardingFinalView.swift in Sources */,
				3AF8AC232CE2A7DA00C15078 /* User.swift in Sources */,
				3AF8AC132CDE303F00C15078 /* MainTabbarView.swift in Sources */,
				3AF8AC032CDADEAF00C15078 /* CustomSlider.swift in Sources */,
				3A433ABB2C75192800F183F2 /* Item.swift in Sources */,
				3AF8AC052CDD492500C15078 /* OnboardingGenderView.swift in Sources */,
				3AF8AC0B2CDD4CE000C15078 /* OnboardingHeightView.swift in Sources */,
				3AF8AC0D2CDD4E2D00C15078 /* OnboardingGalleryView.swift in Sources */,
				3A235E9A2C76344700B9935D /* OnboardingActionButton.swift in Sources */,
				3AF8AC072CDD4A6500C15078 /* OnboardingAgeView.swift in Sources */,
				3A433ACA2C75194600F183F2 /* LoginView.swift in Sources */,
				3AF8AC282CE78D0600C15078 /* MatchingView.swift in Sources */,
				3AF8AC1C2CE29BC800C15078 /* String+Extensions.swift in Sources */,
				3A4CAD142D1042DA00124AFE /* SchoolSearchView.swift in Sources */,
				3A235E9D2C76347800B9935D /* CustomTextField.swift in Sources */,
				3AE3CACF2D2856E600A06D93 /* TabStateScrollView.swift in Sources */,
				3AF8AC152CE23CA100C15078 /* OnboardingLocationView.swift in Sources */,
				3AF8AC112CDE1C4400C15078 /* NetworkManager.swift in Sources */,
				3A433ACD2C7520A000F183F2 /* OnboardingProfileView.swift in Sources */,
				3AF8AC012CDAD82600C15078 /* CustomSelectionButton.swift in Sources */,
				3AF8AC202CE2A7AA00C15078 /* OnboardingTemplate.swift in Sources */,
				3ACC64712C75341A00545F98 /* View+Extensions.swift in Sources */,
				3AF8AC0F2CDD507B00C15078 /* OnboardingView.swift in Sources */,
				3AF8AC1E2CE29D3100C15078 /* Numbers+Extensions.swift in Sources */,
				3A433AB72C75192800F183F2 /* DimpleApp.swift in Sources */,
				3AF8AC092CDD4C7700C15078 /* OnboardingPrefGenderView.swift in Sources */,
			);
			runOnlyForDeploymentPostprocessing = 0;
		};
/* End PBXSourcesBuildPhase section */

/* Begin XCBuildConfiguration section */
		3A433AC32C75192800F183F2 /* Debug */ = {
			isa = XCBuildConfiguration;
			buildSettings = {
				ALWAYS_SEARCH_USER_PATHS = NO;
				ASSETCATALOG_COMPILER_GENERATE_SWIFT_ASSET_SYMBOL_EXTENSIONS = YES;
				CLANG_ANALYZER_NONNULL = YES;
				CLANG_ANALYZER_NUMBER_OBJECT_CONVERSION = YES_AGGRESSIVE;
				CLANG_CXX_LANGUAGE_STANDARD = "gnu++20";
				CLANG_ENABLE_MODULES = YES;
				CLANG_ENABLE_OBJC_ARC = YES;
				CLANG_ENABLE_OBJC_WEAK = YES;
				CLANG_WARN_BLOCK_CAPTURE_AUTORELEASING = YES;
				CLANG_WARN_BOOL_CONVERSION = YES;
				CLANG_WARN_COMMA = YES;
				CLANG_WARN_CONSTANT_CONVERSION = YES;
				CLANG_WARN_DEPRECATED_OBJC_IMPLEMENTATIONS = YES;
				CLANG_WARN_DIRECT_OBJC_ISA_USAGE = YES_ERROR;
				CLANG_WARN_DOCUMENTATION_COMMENTS = YES;
				CLANG_WARN_EMPTY_BODY = YES;
				CLANG_WARN_ENUM_CONVERSION = YES;
				CLANG_WARN_INFINITE_RECURSION = YES;
				CLANG_WARN_INT_CONVERSION = YES;
				CLANG_WARN_NON_LITERAL_NULL_CONVERSION = YES;
				CLANG_WARN_OBJC_IMPLICIT_RETAIN_SELF = YES;
				CLANG_WARN_OBJC_LITERAL_CONVERSION = YES;
				CLANG_WARN_OBJC_ROOT_CLASS = YES_ERROR;
				CLANG_WARN_QUOTED_INCLUDE_IN_FRAMEWORK_HEADER = YES;
				CLANG_WARN_RANGE_LOOP_ANALYSIS = YES;
				CLANG_WARN_STRICT_PROTOTYPES = YES;
				CLANG_WARN_SUSPICIOUS_MOVE = YES;
				CLANG_WARN_UNGUARDED_AVAILABILITY = YES_AGGRESSIVE;
				CLANG_WARN_UNREACHABLE_CODE = YES;
				CLANG_WARN__DUPLICATE_METHOD_MATCH = YES;
				COPY_PHASE_STRIP = NO;
				DEBUG_INFORMATION_FORMAT = dwarf;
				ENABLE_STRICT_OBJC_MSGSEND = YES;
				ENABLE_TESTABILITY = YES;
				ENABLE_USER_SCRIPT_SANDBOXING = YES;
				GCC_C_LANGUAGE_STANDARD = gnu17;
				GCC_DYNAMIC_NO_PIC = NO;
				GCC_NO_COMMON_BLOCKS = YES;
				GCC_OPTIMIZATION_LEVEL = 0;
				GCC_PREPROCESSOR_DEFINITIONS = (
					"DEBUG=1",
					"$(inherited)",
				);
				GCC_WARN_64_TO_32_BIT_CONVERSION = YES;
				GCC_WARN_ABOUT_RETURN_TYPE = YES_ERROR;
				GCC_WARN_UNDECLARED_SELECTOR = YES;
				GCC_WARN_UNINITIALIZED_AUTOS = YES_AGGRESSIVE;
				GCC_WARN_UNUSED_FUNCTION = YES;
				GCC_WARN_UNUSED_VARIABLE = YES;
				IPHONEOS_DEPLOYMENT_TARGET = 17.0;
				LOCALIZATION_PREFERS_STRING_CATALOGS = YES;
				MTL_ENABLE_DEBUG_INFO = INCLUDE_SOURCE;
				MTL_FAST_MATH = YES;
				ONLY_ACTIVE_ARCH = YES;
				SDKROOT = iphoneos;
				SWIFT_ACTIVE_COMPILATION_CONDITIONS = "DEBUG $(inherited)";
				SWIFT_OPTIMIZATION_LEVEL = "-Onone";
			};
			name = Debug;
		};
		3A433AC42C75192800F183F2 /* Release */ = {
			isa = XCBuildConfiguration;
			buildSettings = {
				ALWAYS_SEARCH_USER_PATHS = NO;
				ASSETCATALOG_COMPILER_GENERATE_SWIFT_ASSET_SYMBOL_EXTENSIONS = YES;
				CLANG_ANALYZER_NONNULL = YES;
				CLANG_ANALYZER_NUMBER_OBJECT_CONVERSION = YES_AGGRESSIVE;
				CLANG_CXX_LANGUAGE_STANDARD = "gnu++20";
				CLANG_ENABLE_MODULES = YES;
				CLANG_ENABLE_OBJC_ARC = YES;
				CLANG_ENABLE_OBJC_WEAK = YES;
				CLANG_WARN_BLOCK_CAPTURE_AUTORELEASING = YES;
				CLANG_WARN_BOOL_CONVERSION = YES;
				CLANG_WARN_COMMA = YES;
				CLANG_WARN_CONSTANT_CONVERSION = YES;
				CLANG_WARN_DEPRECATED_OBJC_IMPLEMENTATIONS = YES;
				CLANG_WARN_DIRECT_OBJC_ISA_USAGE = YES_ERROR;
				CLANG_WARN_DOCUMENTATION_COMMENTS = YES;
				CLANG_WARN_EMPTY_BODY = YES;
				CLANG_WARN_ENUM_CONVERSION = YES;
				CLANG_WARN_INFINITE_RECURSION = YES;
				CLANG_WARN_INT_CONVERSION = YES;
				CLANG_WARN_NON_LITERAL_NULL_CONVERSION = YES;
				CLANG_WARN_OBJC_IMPLICIT_RETAIN_SELF = YES;
				CLANG_WARN_OBJC_LITERAL_CONVERSION = YES;
				CLANG_WARN_OBJC_ROOT_CLASS = YES_ERROR;
				CLANG_WARN_QUOTED_INCLUDE_IN_FRAMEWORK_HEADER = YES;
				CLANG_WARN_RANGE_LOOP_ANALYSIS = YES;
				CLANG_WARN_STRICT_PROTOTYPES = YES;
				CLANG_WARN_SUSPICIOUS_MOVE = YES;
				CLANG_WARN_UNGUARDED_AVAILABILITY = YES_AGGRESSIVE;
				CLANG_WARN_UNREACHABLE_CODE = YES;
				CLANG_WARN__DUPLICATE_METHOD_MATCH = YES;
				COPY_PHASE_STRIP = NO;
				DEBUG_INFORMATION_FORMAT = "dwarf-with-dsym";
				ENABLE_NS_ASSERTIONS = NO;
				ENABLE_STRICT_OBJC_MSGSEND = YES;
				ENABLE_USER_SCRIPT_SANDBOXING = YES;
				GCC_C_LANGUAGE_STANDARD = gnu17;
				GCC_NO_COMMON_BLOCKS = YES;
				GCC_WARN_64_TO_32_BIT_CONVERSION = YES;
				GCC_WARN_ABOUT_RETURN_TYPE = YES_ERROR;
				GCC_WARN_UNDECLARED_SELECTOR = YES;
				GCC_WARN_UNINITIALIZED_AUTOS = YES_AGGRESSIVE;
				GCC_WARN_UNUSED_FUNCTION = YES;
				GCC_WARN_UNUSED_VARIABLE = YES;
				IPHONEOS_DEPLOYMENT_TARGET = 17.0;
				LOCALIZATION_PREFERS_STRING_CATALOGS = YES;
				MTL_ENABLE_DEBUG_INFO = NO;
				MTL_FAST_MATH = YES;
				SDKROOT = iphoneos;
				SWIFT_COMPILATION_MODE = wholemodule;
				VALIDATE_PRODUCT = YES;
			};
			name = Release;
		};
		3A433AC62C75192800F183F2 /* Debug */ = {
			isa = XCBuildConfiguration;
			buildSettings = {
				ASSETCATALOG_COMPILER_APPICON_NAME = AppIcon;
				ASSETCATALOG_COMPILER_GLOBAL_ACCENT_COLOR_NAME = AccentColor;
				CODE_SIGN_ENTITLEMENTS = Dimple/Dimple.entitlements;
				CODE_SIGN_STYLE = Automatic;
				CURRENT_PROJECT_VERSION = 1;
				DEVELOPMENT_ASSET_PATHS = "\"Dimple/Preview Content\"";
				DEVELOPMENT_TEAM = F2J3YDZBLU;
				ENABLE_PREVIEWS = YES;
				GENERATE_INFOPLIST_FILE = YES;
				INFOPLIST_FILE = Dimple/Info.plist;
				INFOPLIST_KEY_LSApplicationCategoryType = "public.app-category.lifestyle";
				INFOPLIST_KEY_NSLocationAlwaysAndWhenInUseUsageDescription = "Enable your location in order to use Dimple. It will be used to show potential matches near you.";
				INFOPLIST_KEY_UIApplicationSceneManifest_Generation = YES;
				INFOPLIST_KEY_UIApplicationSupportsIndirectInputEvents = YES;
				INFOPLIST_KEY_UILaunchScreen_Generation = YES;
				INFOPLIST_KEY_UISupportedInterfaceOrientations = UIInterfaceOrientationPortrait;
				INFOPLIST_KEY_UISupportedInterfaceOrientations_iPad = "UIInterfaceOrientationLandscapeLeft UIInterfaceOrientationPortrait";
				INFOPLIST_KEY_UIUserInterfaceStyle = Light;
				LD_RUNPATH_SEARCH_PATHS = (
					"$(inherited)",
					"@executable_path/Frameworks",
				);
				MARKETING_VERSION = 2.0;
				PRODUCT_BUNDLE_IDENTIFIER = com.dimple.dating;
				PRODUCT_NAME = "$(TARGET_NAME)";
				SUPPORTED_PLATFORMS = "iphoneos iphonesimulator";
				SUPPORTS_MACCATALYST = NO;
				SUPPORTS_MAC_DESIGNED_FOR_IPHONE_IPAD = NO;
				SUPPORTS_XR_DESIGNED_FOR_IPHONE_IPAD = NO;
				SWIFT_EMIT_LOC_STRINGS = YES;
				SWIFT_VERSION = 5.0;
				TARGETED_DEVICE_FAMILY = 1;
			};
			name = Debug;
		};
		3A433AC72C75192800F183F2 /* Release */ = {
			isa = XCBuildConfiguration;
			buildSettings = {
				ASSETCATALOG_COMPILER_APPICON_NAME = AppIcon;
				ASSETCATALOG_COMPILER_GLOBAL_ACCENT_COLOR_NAME = AccentColor;
				CODE_SIGN_ENTITLEMENTS = Dimple/Dimple.entitlements;
				CODE_SIGN_STYLE = Automatic;
				CURRENT_PROJECT_VERSION = 1;
				DEVELOPMENT_ASSET_PATHS = "\"Dimple/Preview Content\"";
				DEVELOPMENT_TEAM = F2J3YDZBLU;
				ENABLE_PREVIEWS = YES;
				GENERATE_INFOPLIST_FILE = YES;
				INFOPLIST_FILE = Dimple/Info.plist;
				INFOPLIST_KEY_LSApplicationCategoryType = "public.app-category.lifestyle";
				INFOPLIST_KEY_NSLocationAlwaysAndWhenInUseUsageDescription = "Enable your location in order to use Dimple. It will be used to show potential matches near you.";
				INFOPLIST_KEY_UIApplicationSceneManifest_Generation = YES;
				INFOPLIST_KEY_UIApplicationSupportsIndirectInputEvents = YES;
				INFOPLIST_KEY_UILaunchScreen_Generation = YES;
				INFOPLIST_KEY_UISupportedInterfaceOrientations = UIInterfaceOrientationPortrait;
				INFOPLIST_KEY_UISupportedInterfaceOrientations_iPad = "UIInterfaceOrientationLandscapeLeft UIInterfaceOrientationPortrait";
				INFOPLIST_KEY_UIUserInterfaceStyle = Light;
				LD_RUNPATH_SEARCH_PATHS = (
					"$(inherited)",
					"@executable_path/Frameworks",
				);
				MARKETING_VERSION = 2.0;
				PRODUCT_BUNDLE_IDENTIFIER = com.dimple.dating;
				PRODUCT_NAME = "$(TARGET_NAME)";
				SUPPORTED_PLATFORMS = "iphoneos iphonesimulator";
				SUPPORTS_MACCATALYST = NO;
				SUPPORTS_MAC_DESIGNED_FOR_IPHONE_IPAD = NO;
				SUPPORTS_XR_DESIGNED_FOR_IPHONE_IPAD = NO;
				SWIFT_EMIT_LOC_STRINGS = YES;
				SWIFT_VERSION = 5.0;
				TARGETED_DEVICE_FAMILY = 1;
			};
			name = Release;
		};
/* End XCBuildConfiguration section */

/* Begin XCConfigurationList section */
		3A433AAE2C75192700F183F2 /* Build configuration list for PBXProject "Dimple" */ = {
			isa = XCConfigurationList;
			buildConfigurations = (
				3A433AC32C75192800F183F2 /* Debug */,
				3A433AC42C75192800F183F2 /* Release */,
			);
			defaultConfigurationIsVisible = 0;
			defaultConfigurationName = Release;
		};
		3A433AC52C75192800F183F2 /* Build configuration list for PBXNativeTarget "Dimple" */ = {
			isa = XCConfigurationList;
			buildConfigurations = (
				3A433AC62C75192800F183F2 /* Debug */,
				3A433AC72C75192800F183F2 /* Release */,
			);
			defaultConfigurationIsVisible = 0;
			defaultConfigurationName = Release;
		};
/* End XCConfigurationList section */

/* Begin XCRemoteSwiftPackageReference section */
		3A4CAD152D10430600124AFE /* XCRemoteSwiftPackageReference "ios-places-sdk" */ = {
			isa = XCRemoteSwiftPackageReference;
			repositoryURL = "https://github.com/googlemaps/ios-places-sdk";
			requirement = {
				kind = upToNextMajorVersion;
				minimumVersion = 9.2.0;
			};
		};
/* End XCRemoteSwiftPackageReference section */

/* Begin XCSwiftPackageProductDependency section */
		3A4CAD162D10430600124AFE /* GooglePlaces */ = {
			isa = XCSwiftPackageProductDependency;
			package = 3A4CAD152D10430600124AFE /* XCRemoteSwiftPackageReference "ios-places-sdk" */;
			productName = GooglePlaces;
		};
		3A4CAD182D10430600124AFE /* GooglePlacesSwift */ = {
			isa = XCSwiftPackageProductDependency;
			package = 3A4CAD152D10430600124AFE /* XCRemoteSwiftPackageReference "ios-places-sdk" */;
			productName = GooglePlacesSwift;
		};
/* End XCSwiftPackageProductDependency section */
	};
	rootObject = 3A433AAB2C75192700F183F2 /* Project object */;
}
